// !$*UTF8*$!
{
	archiveVersion = 1;
	classes = {
	};
	objectVersion = 46;
	objects = {

/* Begin PBXBuildFile section */
		1A29336417BB9C300041A615 /* SDEDiceView.m in Sources */ = {isa = PBXBuildFile; fileRef = 1A29336317BB9C300041A615 /* SDEDiceView.m */; };
		1A29336A17BBAF730041A615 /* SDEOutlineLabel.m in Sources */ = {isa = PBXBuildFile; fileRef = 1A29336917BBAF730041A615 /* SDEOutlineLabel.m */; };
		1A29336D17BBBD7B0041A615 /* SDEAttributeView.m in Sources */ = {isa = PBXBuildFile; fileRef = 1A29336C17BBBD7A0041A615 /* SDEAttributeView.m */; };
		1A29337017BCD3240041A615 /* SDECharacterBackCell.m in Sources */ = {isa = PBXBuildFile; fileRef = 1A29336F17BCD3240041A615 /* SDECharacterBackCell.m */; };
		1A29337217BCF2D60041A615 /* SDECharacterBackCell.xib in Resources */ = {isa = PBXBuildFile; fileRef = 1A29337117BCF2D60041A615 /* SDECharacterBackCell.xib */; };
		1A6A2AB917BE562A00802544 /* attributes.txt in Resources */ = {isa = PBXBuildFile; fileRef = 1A6A2AB817BE562A00802544 /* attributes.txt */; };
		1A6A2AD017BE584F00802544 /* DBCharacter.m in Sources */ = {isa = PBXBuildFile; fileRef = 1A6A2ABC17BE584F00802544 /* DBCharacter.m */; };
		1A6A2AD117BE584F00802544 /* _DBCharacter.m in Sources */ = {isa = PBXBuildFile; fileRef = 1A6A2ABF17BE584F00802544 /* _DBCharacter.m */; };
		1A6A2AD217BE584F00802544 /* _SDEAction.m in Sources */ = {isa = PBXBuildFile; fileRef = 1A6A2AC117BE584F00802544 /* _SDEAction.m */; };
		1A6A2AD317BE584F00802544 /* _SDEAttribute.m in Sources */ = {isa = PBXBuildFile; fileRef = 1A6A2AC317BE584F00802544 /* _SDEAttribute.m */; };
		1A6A2AD417BE584F00802544 /* _SDECharacter.m in Sources */ = {isa = PBXBuildFile; fileRef = 1A6A2AC517BE584F00802544 /* _SDECharacter.m */; };
		1A6A2AD517BE584F00802544 /* _SDEStatusEffect.m in Sources */ = {isa = PBXBuildFile; fileRef = 1A6A2AC717BE584F00802544 /* _SDEStatusEffect.m */; };
		1A6A2AD617BE584F00802544 /* SDEAction.m in Sources */ = {isa = PBXBuildFile; fileRef = 1A6A2AC917BE584F00802544 /* SDEAction.m */; };
		1A6A2AD717BE584F00802544 /* SDEAttribute.m in Sources */ = {isa = PBXBuildFile; fileRef = 1A6A2ACB17BE584F00802544 /* SDEAttribute.m */; };
		1A6A2AD817BE584F00802544 /* SDECharacter.m in Sources */ = {isa = PBXBuildFile; fileRef = 1A6A2ACD17BE584F00802544 /* SDECharacter.m */; };
		1A6A2AD917BE584F00802544 /* SDEStatusEffect.m in Sources */ = {isa = PBXBuildFile; fileRef = 1A6A2ACF17BE584F00802544 /* SDEStatusEffect.m */; };
		1A6A2ADB17BE586D00802544 /* actions.txt in Resources */ = {isa = PBXBuildFile; fileRef = 1A6A2ADA17BE586D00802544 /* actions.txt */; };
		1A8E554017BE698600DBD792 /* heroes.txt in Resources */ = {isa = PBXBuildFile; fileRef = 1A8E553F17BE698600DBD792 /* heroes.txt */; };
		1A8F266A17BB6B1800825F75 /* Foundation.framework in Frameworks */ = {isa = PBXBuildFile; fileRef = 1A8F266917BB6B1800825F75 /* Foundation.framework */; };
		1A8F266C17BB6B1800825F75 /* CoreGraphics.framework in Frameworks */ = {isa = PBXBuildFile; fileRef = 1A8F266B17BB6B1800825F75 /* CoreGraphics.framework */; };
		1A8F266E17BB6B1800825F75 /* UIKit.framework in Frameworks */ = {isa = PBXBuildFile; fileRef = 1A8F266D17BB6B1800825F75 /* UIKit.framework */; };
		1A8F267417BB6B1800825F75 /* InfoPlist.strings in Resources */ = {isa = PBXBuildFile; fileRef = 1A8F267217BB6B1800825F75 /* InfoPlist.strings */; };
		1A8F267617BB6B1800825F75 /* main.m in Sources */ = {isa = PBXBuildFile; fileRef = 1A8F267517BB6B1800825F75 /* main.m */; };
		1A8F267A17BB6B1800825F75 /* SDEAppDelegate.m in Sources */ = {isa = PBXBuildFile; fileRef = 1A8F267917BB6B1800825F75 /* SDEAppDelegate.m */; };
		1A8F267D17BB6B1800825F75 /* Main_iPhone.storyboard in Resources */ = {isa = PBXBuildFile; fileRef = 1A8F267B17BB6B1800825F75 /* Main_iPhone.storyboard */; };
		1A8F268017BB6B1800825F75 /* Main_iPad.storyboard in Resources */ = {isa = PBXBuildFile; fileRef = 1A8F267E17BB6B1800825F75 /* Main_iPad.storyboard */; };
		1A8F268517BB6B1800825F75 /* Images.xcassets in Resources */ = {isa = PBXBuildFile; fileRef = 1A8F268417BB6B1800825F75 /* Images.xcassets */; };
		1A8F268C17BB6B1800825F75 /* XCTest.framework in Frameworks */ = {isa = PBXBuildFile; fileRef = 1A8F268B17BB6B1800825F75 /* XCTest.framework */; };
		1A8F268D17BB6B1800825F75 /* Foundation.framework in Frameworks */ = {isa = PBXBuildFile; fileRef = 1A8F266917BB6B1800825F75 /* Foundation.framework */; };
		1A8F268E17BB6B1800825F75 /* UIKit.framework in Frameworks */ = {isa = PBXBuildFile; fileRef = 1A8F266D17BB6B1800825F75 /* UIKit.framework */; };
		1A8F269617BB6B1900825F75 /* InfoPlist.strings in Resources */ = {isa = PBXBuildFile; fileRef = 1A8F269417BB6B1900825F75 /* InfoPlist.strings */; };
		1A8F269817BB6B1900825F75 /* SDEManagerTests.m in Sources */ = {isa = PBXBuildFile; fileRef = 1A8F269717BB6B1900825F75 /* SDEManagerTests.m */; };
		1A8F26A317BB6B7300825F75 /* SDECollectionViewController.m in Sources */ = {isa = PBXBuildFile; fileRef = 1A8F26A217BB6B7300825F75 /* SDECollectionViewController.m */; };
		1A8F26A617BB79F300825F75 /* SDECharacterCell.m in Sources */ = {isa = PBXBuildFile; fileRef = 1A8F26A517BB79F300825F75 /* SDECharacterCell.m */; };
		1A8F26AC17BB95B100825F75 /* Adelon-Bold.ttf in Resources */ = {isa = PBXBuildFile; fileRef = 1A8F26AA17BB95B100825F75 /* Adelon-Bold.ttf */; };
		1A8F26AD17BB95B100825F75 /* albertus-mt.ttf in Resources */ = {isa = PBXBuildFile; fileRef = 1A8F26AB17BB95B100825F75 /* albertus-mt.ttf */; };
		1A93CFB917C21CAF0042F7A7 /* SDECharacterController.m in Sources */ = {isa = PBXBuildFile; fileRef = 1A93CFB817C21CAF0042F7A7 /* SDECharacterController.m */; };
		1ACB388417C366AB00965B37 /* SDECharacterBackCell~ipad.xib in Resources */ = {isa = PBXBuildFile; fileRef = 1ACB388317C366AB00965B37 /* SDECharacterBackCell~ipad.xib */; };
		1ACB388817C3820C00965B37 /* SDEStatusEffectsViewController.m in Sources */ = {isa = PBXBuildFile; fileRef = 1ACB388717C3820C00965B37 /* SDEStatusEffectsViewController.m */; };
		1ACB388E17C39B2500965B37 /* SDEStatusEffectDetailView.m in Sources */ = {isa = PBXBuildFile; fileRef = 1ACB388D17C39B2500965B37 /* SDEStatusEffectDetailView.m */; };
		1ACB389217C3ABF800965B37 /* SDEStatusEffectView.m in Sources */ = {isa = PBXBuildFile; fileRef = 1ACB389117C3ABF800965B37 /* SDEStatusEffectView.m */; };
		1ACE3BA117C7359100EEB5DC /* items.txt in Resources */ = {isa = PBXBuildFile; fileRef = 1ACE3BA017C7359100EEB5DC /* items.txt */; };
		1ACE3BA417C7425D00EEB5DC /* SDEItem.m in Sources */ = {isa = PBXBuildFile; fileRef = 1ACE3BA317C7425D00EEB5DC /* SDEItem.m */; };
		1ACE3BA717C7427400EEB5DC /* _SDEItem.m in Sources */ = {isa = PBXBuildFile; fileRef = 1ACE3BA617C7427400EEB5DC /* _SDEItem.m */; };
		1ACE3BAA17C742E800EEB5DC /* SDEItemView.m in Sources */ = {isa = PBXBuildFile; fileRef = 1ACE3BA917C742E800EEB5DC /* SDEItemView.m */; };
		1ACE3BAD17CB727600EEB5DC /* SDEItemListViewController.m in Sources */ = {isa = PBXBuildFile; fileRef = 1ACE3BAC17CB727600EEB5DC /* SDEItemListViewController.m */; };
		1ACE3BAF17CB864800EEB5DC /* AlbertusMTItalic.ttf in Resources */ = {isa = PBXBuildFile; fileRef = 1ACE3BAE17CB864800EEB5DC /* AlbertusMTItalic.ttf */; };
		1ACE3BB217CE00D000EEB5DC /* SDEDiceStatsViewController.m in Sources */ = {isa = PBXBuildFile; fileRef = 1ACE3BB117CE00D000EEB5DC /* SDEDiceStatsViewController.m */; };
		1ACE3BB517CE1B4E00EEB5DC /* SDEAreaAndControlEffectsViewController.m in Sources */ = {isa = PBXBuildFile; fileRef = 1ACE3BB417CE1B4E00EEB5DC /* SDEAreaAndControlEffectsViewController.m */; };
		1ACE3BB817CE1EF500EEB5DC /* SDEAreaOrControlEffectViewController.m in Sources */ = {isa = PBXBuildFile; fileRef = 1ACE3BB717CE1EF500EEB5DC /* SDEAreaOrControlEffectViewController.m */; };
		1ACE3BBB17CF299900EEB5DC /* SDEAttributeTextView.m in Sources */ = {isa = PBXBuildFile; fileRef = 1ACE3BBA17CF299900EEB5DC /* SDEAttributeTextView.m */; };
		1ACE3BBE17CF2C0E00EEB5DC /* SDEAttributeLabel.m in Sources */ = {isa = PBXBuildFile; fileRef = 1ACE3BBD17CF2C0E00EEB5DC /* SDEAttributeLabel.m */; };
		1ADB607C17BE45700089DC05 /* MagicalImportFunctions.m in Sources */ = {isa = PBXBuildFile; fileRef = 1ADB604417BE45700089DC05 /* MagicalImportFunctions.m */; };
		1ADB607D17BE45700089DC05 /* NSAttributeDescription+MagicalDataImport.m in Sources */ = {isa = PBXBuildFile; fileRef = 1ADB604617BE45700089DC05 /* NSAttributeDescription+MagicalDataImport.m */; };
		1ADB607E17BE45700089DC05 /* NSEntityDescription+MagicalDataImport.m in Sources */ = {isa = PBXBuildFile; fileRef = 1ADB604817BE45700089DC05 /* NSEntityDescription+MagicalDataImport.m */; };
		1ADB607F17BE45700089DC05 /* NSNumber+MagicalDataImport.m in Sources */ = {isa = PBXBuildFile; fileRef = 1ADB604A17BE45700089DC05 /* NSNumber+MagicalDataImport.m */; };
		1ADB608017BE45700089DC05 /* NSObject+MagicalDataImport.m in Sources */ = {isa = PBXBuildFile; fileRef = 1ADB604C17BE45700089DC05 /* NSObject+MagicalDataImport.m */; };
		1ADB608117BE45700089DC05 /* NSRelationshipDescription+MagicalDataImport.m in Sources */ = {isa = PBXBuildFile; fileRef = 1ADB604E17BE45700089DC05 /* NSRelationshipDescription+MagicalDataImport.m */; };
		1ADB608217BE45700089DC05 /* NSString+MagicalDataImport.m in Sources */ = {isa = PBXBuildFile; fileRef = 1ADB605017BE45700089DC05 /* NSString+MagicalDataImport.m */; };
		1ADB608317BE45700089DC05 /* NSManagedObject+MagicalAggregation.m in Sources */ = {isa = PBXBuildFile; fileRef = 1ADB605317BE45700089DC05 /* NSManagedObject+MagicalAggregation.m */; };
		1ADB608417BE45700089DC05 /* NSManagedObject+MagicalDataImport.m in Sources */ = {isa = PBXBuildFile; fileRef = 1ADB605517BE45700089DC05 /* NSManagedObject+MagicalDataImport.m */; };
		1ADB608517BE45700089DC05 /* NSManagedObject+MagicalFinders.m in Sources */ = {isa = PBXBuildFile; fileRef = 1ADB605717BE45700089DC05 /* NSManagedObject+MagicalFinders.m */; };
		1ADB608617BE45700089DC05 /* NSManagedObject+MagicalRecord.m in Sources */ = {isa = PBXBuildFile; fileRef = 1ADB605917BE45700089DC05 /* NSManagedObject+MagicalRecord.m */; };
		1ADB608717BE45700089DC05 /* NSManagedObject+MagicalRequests.m in Sources */ = {isa = PBXBuildFile; fileRef = 1ADB605B17BE45700089DC05 /* NSManagedObject+MagicalRequests.m */; };
		1ADB608817BE45700089DC05 /* NSManagedObjectContext+MagicalObserving.m in Sources */ = {isa = PBXBuildFile; fileRef = 1ADB605E17BE45700089DC05 /* NSManagedObjectContext+MagicalObserving.m */; };
		1ADB608917BE45700089DC05 /* NSManagedObjectContext+MagicalRecord.m in Sources */ = {isa = PBXBuildFile; fileRef = 1ADB606017BE45700089DC05 /* NSManagedObjectContext+MagicalRecord.m */; };
		1ADB608A17BE45700089DC05 /* NSManagedObjectContext+MagicalSaves.m in Sources */ = {isa = PBXBuildFile; fileRef = 1ADB606217BE45700089DC05 /* NSManagedObjectContext+MagicalSaves.m */; };
		1ADB608B17BE45700089DC05 /* NSManagedObjectContext+MagicalThreading.m in Sources */ = {isa = PBXBuildFile; fileRef = 1ADB606417BE45700089DC05 /* NSManagedObjectContext+MagicalThreading.m */; };
		1ADB608C17BE45700089DC05 /* NSManagedObjectModel+MagicalRecord.m in Sources */ = {isa = PBXBuildFile; fileRef = 1ADB606617BE45700089DC05 /* NSManagedObjectModel+MagicalRecord.m */; };
		1ADB608D17BE45700089DC05 /* NSPersistentStore+MagicalRecord.m in Sources */ = {isa = PBXBuildFile; fileRef = 1ADB606817BE45700089DC05 /* NSPersistentStore+MagicalRecord.m */; };
		1ADB608E17BE45700089DC05 /* NSPersistentStoreCoordinator+MagicalRecord.m in Sources */ = {isa = PBXBuildFile; fileRef = 1ADB606A17BE45700089DC05 /* NSPersistentStoreCoordinator+MagicalRecord.m */; };
		1ADB608F17BE45700089DC05 /* MagicalRecord+Actions.m in Sources */ = {isa = PBXBuildFile; fileRef = 1ADB606D17BE45700089DC05 /* MagicalRecord+Actions.m */; };
		1ADB609017BE45700089DC05 /* MagicalRecord+ErrorHandling.m in Sources */ = {isa = PBXBuildFile; fileRef = 1ADB606F17BE45700089DC05 /* MagicalRecord+ErrorHandling.m */; };
		1ADB609117BE45700089DC05 /* MagicalRecord+iCloud.m in Sources */ = {isa = PBXBuildFile; fileRef = 1ADB607117BE45700089DC05 /* MagicalRecord+iCloud.m */; };
		1ADB609217BE45700089DC05 /* MagicalRecord+Options.m in Sources */ = {isa = PBXBuildFile; fileRef = 1ADB607317BE45700089DC05 /* MagicalRecord+Options.m */; };
		1ADB609317BE45700089DC05 /* MagicalRecord+Setup.m in Sources */ = {isa = PBXBuildFile; fileRef = 1ADB607517BE45700089DC05 /* MagicalRecord+Setup.m */; };
		1ADB609417BE45700089DC05 /* MagicalRecord+ShorthandSupport.m in Sources */ = {isa = PBXBuildFile; fileRef = 1ADB607717BE45700089DC05 /* MagicalRecord+ShorthandSupport.m */; };
		1ADB609517BE45700089DC05 /* MagicalRecord.m in Sources */ = {isa = PBXBuildFile; fileRef = 1ADB607917BE45700089DC05 /* MagicalRecord.m */; };
		1ADB609917BE45D50089DC05 /* CoreData.framework in Frameworks */ = {isa = PBXBuildFile; fileRef = 1ADB609817BE45D50089DC05 /* CoreData.framework */; };
		1ADB609C17BE46190089DC05 /* SDEManagerModel.xcdatamodeld in Sources */ = {isa = PBXBuildFile; fileRef = 1ADB609A17BE46190089DC05 /* SDEManagerModel.xcdatamodeld */; };
		1AFFAA9817C2472A00C1983F /* SDECharacterList.m in Sources */ = {isa = PBXBuildFile; fileRef = 1AFFAA9717C2472A00C1983F /* SDECharacterList.m */; };
/* End PBXBuildFile section */

/* Begin PBXContainerItemProxy section */
		1A8F268F17BB6B1900825F75 /* PBXContainerItemProxy */ = {
			isa = PBXContainerItemProxy;
			containerPortal = 1A8F265E17BB6B1800825F75 /* Project object */;
			proxyType = 1;
			remoteGlobalIDString = 1A8F266517BB6B1800825F75;
			remoteInfo = SDEManager;
		};
/* End PBXContainerItemProxy section */

/* Begin PBXFileReference section */
		1A29336217BB9C300041A615 /* SDEDiceView.h */ = {isa = PBXFileReference; fileEncoding = 4; lastKnownFileType = sourcecode.c.h; path = SDEDiceView.h; sourceTree = "<group>"; };
		1A29336317BB9C300041A615 /* SDEDiceView.m */ = {isa = PBXFileReference; fileEncoding = 4; lastKnownFileType = sourcecode.c.objc; path = SDEDiceView.m; sourceTree = "<group>"; };
		1A29336817BBAF730041A615 /* SDEOutlineLabel.h */ = {isa = PBXFileReference; fileEncoding = 4; lastKnownFileType = sourcecode.c.h; path = SDEOutlineLabel.h; sourceTree = "<group>"; };
		1A29336917BBAF730041A615 /* SDEOutlineLabel.m */ = {isa = PBXFileReference; fileEncoding = 4; lastKnownFileType = sourcecode.c.objc; path = SDEOutlineLabel.m; sourceTree = "<group>"; };
		1A29336B17BBBD7A0041A615 /* SDEAttributeView.h */ = {isa = PBXFileReference; fileEncoding = 4; lastKnownFileType = sourcecode.c.h; path = SDEAttributeView.h; sourceTree = "<group>"; };
		1A29336C17BBBD7A0041A615 /* SDEAttributeView.m */ = {isa = PBXFileReference; fileEncoding = 4; lastKnownFileType = sourcecode.c.objc; path = SDEAttributeView.m; sourceTree = "<group>"; };
		1A29336E17BCD3230041A615 /* SDECharacterBackCell.h */ = {isa = PBXFileReference; fileEncoding = 4; lastKnownFileType = sourcecode.c.h; path = SDECharacterBackCell.h; sourceTree = "<group>"; };
		1A29336F17BCD3240041A615 /* SDECharacterBackCell.m */ = {isa = PBXFileReference; fileEncoding = 4; lastKnownFileType = sourcecode.c.objc; path = SDECharacterBackCell.m; sourceTree = "<group>"; };
		1A29337117BCF2D60041A615 /* SDECharacterBackCell.xib */ = {isa = PBXFileReference; fileEncoding = 4; lastKnownFileType = file.xib; path = SDECharacterBackCell.xib; sourceTree = "<group>"; };
		1A6A2AB817BE562A00802544 /* attributes.txt */ = {isa = PBXFileReference; fileEncoding = 4; lastKnownFileType = text; path = attributes.txt; sourceTree = "<group>"; };
		1A6A2ABB17BE584F00802544 /* DBCharacter.h */ = {isa = PBXFileReference; fileEncoding = 4; lastKnownFileType = sourcecode.c.h; path = DBCharacter.h; sourceTree = "<group>"; };
		1A6A2ABC17BE584F00802544 /* DBCharacter.m */ = {isa = PBXFileReference; fileEncoding = 4; lastKnownFileType = sourcecode.c.objc; path = DBCharacter.m; sourceTree = "<group>"; };
		1A6A2ABE17BE584F00802544 /* _DBCharacter.h */ = {isa = PBXFileReference; fileEncoding = 4; lastKnownFileType = sourcecode.c.h; path = _DBCharacter.h; sourceTree = "<group>"; };
		1A6A2ABF17BE584F00802544 /* _DBCharacter.m */ = {isa = PBXFileReference; fileEncoding = 4; lastKnownFileType = sourcecode.c.objc; path = _DBCharacter.m; sourceTree = "<group>"; };
		1A6A2AC017BE584F00802544 /* _SDEAction.h */ = {isa = PBXFileReference; fileEncoding = 4; lastKnownFileType = sourcecode.c.h; path = _SDEAction.h; sourceTree = "<group>"; };
		1A6A2AC117BE584F00802544 /* _SDEAction.m */ = {isa = PBXFileReference; fileEncoding = 4; lastKnownFileType = sourcecode.c.objc; path = _SDEAction.m; sourceTree = "<group>"; };
		1A6A2AC217BE584F00802544 /* _SDEAttribute.h */ = {isa = PBXFileReference; fileEncoding = 4; lastKnownFileType = sourcecode.c.h; path = _SDEAttribute.h; sourceTree = "<group>"; };
		1A6A2AC317BE584F00802544 /* _SDEAttribute.m */ = {isa = PBXFileReference; fileEncoding = 4; lastKnownFileType = sourcecode.c.objc; path = _SDEAttribute.m; sourceTree = "<group>"; };
		1A6A2AC417BE584F00802544 /* _SDECharacter.h */ = {isa = PBXFileReference; fileEncoding = 4; lastKnownFileType = sourcecode.c.h; path = _SDECharacter.h; sourceTree = "<group>"; };
		1A6A2AC517BE584F00802544 /* _SDECharacter.m */ = {isa = PBXFileReference; fileEncoding = 4; lastKnownFileType = sourcecode.c.objc; path = _SDECharacter.m; sourceTree = "<group>"; };
		1A6A2AC617BE584F00802544 /* _SDEStatusEffect.h */ = {isa = PBXFileReference; fileEncoding = 4; lastKnownFileType = sourcecode.c.h; path = _SDEStatusEffect.h; sourceTree = "<group>"; };
		1A6A2AC717BE584F00802544 /* _SDEStatusEffect.m */ = {isa = PBXFileReference; fileEncoding = 4; lastKnownFileType = sourcecode.c.objc; path = _SDEStatusEffect.m; sourceTree = "<group>"; };
		1A6A2AC817BE584F00802544 /* SDEAction.h */ = {isa = PBXFileReference; fileEncoding = 4; lastKnownFileType = sourcecode.c.h; path = SDEAction.h; sourceTree = "<group>"; };
		1A6A2AC917BE584F00802544 /* SDEAction.m */ = {isa = PBXFileReference; fileEncoding = 4; lastKnownFileType = sourcecode.c.objc; path = SDEAction.m; sourceTree = "<group>"; };
		1A6A2ACA17BE584F00802544 /* SDEAttribute.h */ = {isa = PBXFileReference; fileEncoding = 4; lastKnownFileType = sourcecode.c.h; path = SDEAttribute.h; sourceTree = "<group>"; };
		1A6A2ACB17BE584F00802544 /* SDEAttribute.m */ = {isa = PBXFileReference; fileEncoding = 4; lastKnownFileType = sourcecode.c.objc; path = SDEAttribute.m; sourceTree = "<group>"; };
		1A6A2ACC17BE584F00802544 /* SDECharacter.h */ = {isa = PBXFileReference; fileEncoding = 4; lastKnownFileType = sourcecode.c.h; path = SDECharacter.h; sourceTree = "<group>"; };
		1A6A2ACD17BE584F00802544 /* SDECharacter.m */ = {isa = PBXFileReference; fileEncoding = 4; lastKnownFileType = sourcecode.c.objc; path = SDECharacter.m; sourceTree = "<group>"; };
		1A6A2ACE17BE584F00802544 /* SDEStatusEffect.h */ = {isa = PBXFileReference; fileEncoding = 4; lastKnownFileType = sourcecode.c.h; path = SDEStatusEffect.h; sourceTree = "<group>"; };
		1A6A2ACF17BE584F00802544 /* SDEStatusEffect.m */ = {isa = PBXFileReference; fileEncoding = 4; lastKnownFileType = sourcecode.c.objc; path = SDEStatusEffect.m; sourceTree = "<group>"; };
		1A6A2ADA17BE586D00802544 /* actions.txt */ = {isa = PBXFileReference; fileEncoding = 4; lastKnownFileType = text; path = actions.txt; sourceTree = "<group>"; };
		1A6A2ADC17BE62A600802544 /* SDEDefines.h */ = {isa = PBXFileReference; fileEncoding = 4; lastKnownFileType = sourcecode.c.h; path = SDEDefines.h; sourceTree = "<group>"; };
		1A8E553F17BE698600DBD792 /* heroes.txt */ = {isa = PBXFileReference; fileEncoding = 4; lastKnownFileType = text; path = heroes.txt; sourceTree = "<group>"; };
		1A8F266617BB6B1800825F75 /* SDEManager.app */ = {isa = PBXFileReference; explicitFileType = wrapper.application; includeInIndex = 0; path = SDEManager.app; sourceTree = BUILT_PRODUCTS_DIR; };
		1A8F266917BB6B1800825F75 /* Foundation.framework */ = {isa = PBXFileReference; lastKnownFileType = wrapper.framework; name = Foundation.framework; path = System/Library/Frameworks/Foundation.framework; sourceTree = SDKROOT; };
		1A8F266B17BB6B1800825F75 /* CoreGraphics.framework */ = {isa = PBXFileReference; lastKnownFileType = wrapper.framework; name = CoreGraphics.framework; path = System/Library/Frameworks/CoreGraphics.framework; sourceTree = SDKROOT; };
		1A8F266D17BB6B1800825F75 /* UIKit.framework */ = {isa = PBXFileReference; lastKnownFileType = wrapper.framework; name = UIKit.framework; path = System/Library/Frameworks/UIKit.framework; sourceTree = SDKROOT; };
		1A8F267117BB6B1800825F75 /* SDEManager-Info.plist */ = {isa = PBXFileReference; lastKnownFileType = text.plist.xml; path = "SDEManager-Info.plist"; sourceTree = "<group>"; };
		1A8F267317BB6B1800825F75 /* en */ = {isa = PBXFileReference; lastKnownFileType = text.plist.strings; name = en; path = en.lproj/InfoPlist.strings; sourceTree = "<group>"; };
		1A8F267517BB6B1800825F75 /* main.m */ = {isa = PBXFileReference; lastKnownFileType = sourcecode.c.objc; path = main.m; sourceTree = "<group>"; };
		1A8F267717BB6B1800825F75 /* SDEManager-Prefix.pch */ = {isa = PBXFileReference; lastKnownFileType = sourcecode.c.h; path = "SDEManager-Prefix.pch"; sourceTree = "<group>"; };
		1A8F267817BB6B1800825F75 /* SDEAppDelegate.h */ = {isa = PBXFileReference; lastKnownFileType = sourcecode.c.h; path = SDEAppDelegate.h; sourceTree = "<group>"; };
		1A8F267917BB6B1800825F75 /* SDEAppDelegate.m */ = {isa = PBXFileReference; lastKnownFileType = sourcecode.c.objc; path = SDEAppDelegate.m; sourceTree = "<group>"; };
		1A8F267C17BB6B1800825F75 /* Base */ = {isa = PBXFileReference; lastKnownFileType = file.storyboard; name = Base; path = Base.lproj/Main_iPhone.storyboard; sourceTree = "<group>"; };
		1A8F267F17BB6B1800825F75 /* Base */ = {isa = PBXFileReference; lastKnownFileType = file.storyboard; name = Base; path = Base.lproj/Main_iPad.storyboard; sourceTree = "<group>"; };
		1A8F268417BB6B1800825F75 /* Images.xcassets */ = {isa = PBXFileReference; lastKnownFileType = folder.assetcatalog; path = Images.xcassets; sourceTree = "<group>"; };
		1A8F268A17BB6B1800825F75 /* SDEManagerTests.xctest */ = {isa = PBXFileReference; explicitFileType = wrapper.cfbundle; includeInIndex = 0; path = SDEManagerTests.xctest; sourceTree = BUILT_PRODUCTS_DIR; };
		1A8F268B17BB6B1800825F75 /* XCTest.framework */ = {isa = PBXFileReference; lastKnownFileType = wrapper.framework; name = XCTest.framework; path = Library/Frameworks/XCTest.framework; sourceTree = DEVELOPER_DIR; };
		1A8F269317BB6B1900825F75 /* SDEManagerTests-Info.plist */ = {isa = PBXFileReference; lastKnownFileType = text.plist.xml; path = "SDEManagerTests-Info.plist"; sourceTree = "<group>"; };
		1A8F269517BB6B1900825F75 /* en */ = {isa = PBXFileReference; lastKnownFileType = text.plist.strings; name = en; path = en.lproj/InfoPlist.strings; sourceTree = "<group>"; };
		1A8F269717BB6B1900825F75 /* SDEManagerTests.m */ = {isa = PBXFileReference; lastKnownFileType = sourcecode.c.objc; path = SDEManagerTests.m; sourceTree = "<group>"; };
		1A8F26A117BB6B7300825F75 /* SDECollectionViewController.h */ = {isa = PBXFileReference; fileEncoding = 4; lastKnownFileType = sourcecode.c.h; path = SDECollectionViewController.h; sourceTree = "<group>"; };
		1A8F26A217BB6B7300825F75 /* SDECollectionViewController.m */ = {isa = PBXFileReference; fileEncoding = 4; lastKnownFileType = sourcecode.c.objc; path = SDECollectionViewController.m; sourceTree = "<group>"; };
		1A8F26A417BB79F300825F75 /* SDECharacterCell.h */ = {isa = PBXFileReference; fileEncoding = 4; lastKnownFileType = sourcecode.c.h; path = SDECharacterCell.h; sourceTree = "<group>"; };
		1A8F26A517BB79F300825F75 /* SDECharacterCell.m */ = {isa = PBXFileReference; fileEncoding = 4; lastKnownFileType = sourcecode.c.objc; path = SDECharacterCell.m; sourceTree = "<group>"; };
		1A8F26AA17BB95B100825F75 /* Adelon-Bold.ttf */ = {isa = PBXFileReference; lastKnownFileType = file; path = "Adelon-Bold.ttf"; sourceTree = "<group>"; };
		1A8F26AB17BB95B100825F75 /* albertus-mt.ttf */ = {isa = PBXFileReference; lastKnownFileType = file; path = "albertus-mt.ttf"; sourceTree = "<group>"; };
		1A93CFB717C21CAF0042F7A7 /* SDECharacterController.h */ = {isa = PBXFileReference; fileEncoding = 4; lastKnownFileType = sourcecode.c.h; path = SDECharacterController.h; sourceTree = "<group>"; };
		1A93CFB817C21CAF0042F7A7 /* SDECharacterController.m */ = {isa = PBXFileReference; fileEncoding = 4; lastKnownFileType = sourcecode.c.objc; path = SDECharacterController.m; sourceTree = "<group>"; };
		1ACB388317C366AB00965B37 /* SDECharacterBackCell~ipad.xib */ = {isa = PBXFileReference; fileEncoding = 4; lastKnownFileType = file.xib; path = "SDECharacterBackCell~ipad.xib"; sourceTree = "<group>"; };
		1ACB388617C3820C00965B37 /* SDEStatusEffectsViewController.h */ = {isa = PBXFileReference; fileEncoding = 4; lastKnownFileType = sourcecode.c.h; path = SDEStatusEffectsViewController.h; sourceTree = "<group>"; };
		1ACB388717C3820C00965B37 /* SDEStatusEffectsViewController.m */ = {isa = PBXFileReference; fileEncoding = 4; lastKnownFileType = sourcecode.c.objc; path = SDEStatusEffectsViewController.m; sourceTree = "<group>"; };
		1ACB388C17C39B2500965B37 /* SDEStatusEffectDetailView.h */ = {isa = PBXFileReference; fileEncoding = 4; lastKnownFileType = sourcecode.c.h; path = SDEStatusEffectDetailView.h; sourceTree = "<group>"; };
		1ACB388D17C39B2500965B37 /* SDEStatusEffectDetailView.m */ = {isa = PBXFileReference; fileEncoding = 4; lastKnownFileType = sourcecode.c.objc; path = SDEStatusEffectDetailView.m; sourceTree = "<group>"; };
		1ACB389017C3ABF800965B37 /* SDEStatusEffectView.h */ = {isa = PBXFileReference; fileEncoding = 4; lastKnownFileType = sourcecode.c.h; path = SDEStatusEffectView.h; sourceTree = "<group>"; };
		1ACB389117C3ABF800965B37 /* SDEStatusEffectView.m */ = {isa = PBXFileReference; fileEncoding = 4; lastKnownFileType = sourcecode.c.objc; path = SDEStatusEffectView.m; sourceTree = "<group>"; };
		1ACE3BA017C7359100EEB5DC /* items.txt */ = {isa = PBXFileReference; fileEncoding = 4; lastKnownFileType = text; path = items.txt; sourceTree = "<group>"; };
		1ACE3BA217C7425D00EEB5DC /* SDEItem.h */ = {isa = PBXFileReference; fileEncoding = 4; lastKnownFileType = sourcecode.c.h; path = SDEItem.h; sourceTree = "<group>"; };
		1ACE3BA317C7425D00EEB5DC /* SDEItem.m */ = {isa = PBXFileReference; fileEncoding = 4; lastKnownFileType = sourcecode.c.objc; path = SDEItem.m; sourceTree = "<group>"; };
		1ACE3BA517C7427400EEB5DC /* _SDEItem.h */ = {isa = PBXFileReference; fileEncoding = 4; lastKnownFileType = sourcecode.c.h; path = _SDEItem.h; sourceTree = "<group>"; };
		1ACE3BA617C7427400EEB5DC /* _SDEItem.m */ = {isa = PBXFileReference; fileEncoding = 4; lastKnownFileType = sourcecode.c.objc; path = _SDEItem.m; sourceTree = "<group>"; };
		1ACE3BA817C742E800EEB5DC /* SDEItemView.h */ = {isa = PBXFileReference; fileEncoding = 4; lastKnownFileType = sourcecode.c.h; path = SDEItemView.h; sourceTree = "<group>"; };
		1ACE3BA917C742E800EEB5DC /* SDEItemView.m */ = {isa = PBXFileReference; fileEncoding = 4; lastKnownFileType = sourcecode.c.objc; path = SDEItemView.m; sourceTree = "<group>"; };
		1ACE3BAB17CB727600EEB5DC /* SDEItemListViewController.h */ = {isa = PBXFileReference; fileEncoding = 4; lastKnownFileType = sourcecode.c.h; path = SDEItemListViewController.h; sourceTree = "<group>"; };
		1ACE3BAC17CB727600EEB5DC /* SDEItemListViewController.m */ = {isa = PBXFileReference; fileEncoding = 4; lastKnownFileType = sourcecode.c.objc; path = SDEItemListViewController.m; sourceTree = "<group>"; };
		1ACE3BAE17CB864800EEB5DC /* AlbertusMTItalic.ttf */ = {isa = PBXFileReference; lastKnownFileType = file; name = AlbertusMTItalic.ttf; path = ../../../../Library/Fonts/AlbertusMTItalic.ttf; sourceTree = "<group>"; };
		1ACE3BB017CE00D000EEB5DC /* SDEDiceStatsViewController.h */ = {isa = PBXFileReference; fileEncoding = 4; lastKnownFileType = sourcecode.c.h; path = SDEDiceStatsViewController.h; sourceTree = "<group>"; };
		1ACE3BB117CE00D000EEB5DC /* SDEDiceStatsViewController.m */ = {isa = PBXFileReference; fileEncoding = 4; lastKnownFileType = sourcecode.c.objc; path = SDEDiceStatsViewController.m; sourceTree = "<group>"; };
		1ACE3BB317CE1B4E00EEB5DC /* SDEAreaAndControlEffectsViewController.h */ = {isa = PBXFileReference; fileEncoding = 4; lastKnownFileType = sourcecode.c.h; path = SDEAreaAndControlEffectsViewController.h; sourceTree = "<group>"; };
		1ACE3BB417CE1B4E00EEB5DC /* SDEAreaAndControlEffectsViewController.m */ = {isa = PBXFileReference; fileEncoding = 4; lastKnownFileType = sourcecode.c.objc; path = SDEAreaAndControlEffectsViewController.m; sourceTree = "<group>"; };
		1ACE3BB617CE1EF500EEB5DC /* SDEAreaOrControlEffectViewController.h */ = {isa = PBXFileReference; fileEncoding = 4; lastKnownFileType = sourcecode.c.h; path = SDEAreaOrControlEffectViewController.h; sourceTree = "<group>"; };
		1ACE3BB717CE1EF500EEB5DC /* SDEAreaOrControlEffectViewController.m */ = {isa = PBXFileReference; fileEncoding = 4; lastKnownFileType = sourcecode.c.objc; path = SDEAreaOrControlEffectViewController.m; sourceTree = "<group>"; };
		1ACE3BB917CF299900EEB5DC /* SDEAttributeTextView.h */ = {isa = PBXFileReference; fileEncoding = 4; lastKnownFileType = sourcecode.c.h; path = SDEAttributeTextView.h; sourceTree = "<group>"; };
		1ACE3BBA17CF299900EEB5DC /* SDEAttributeTextView.m */ = {isa = PBXFileReference; fileEncoding = 4; lastKnownFileType = sourcecode.c.objc; path = SDEAttributeTextView.m; sourceTree = "<group>"; };
		1ACE3BBC17CF2C0E00EEB5DC /* SDEAttributeLabel.h */ = {isa = PBXFileReference; fileEncoding = 4; lastKnownFileType = sourcecode.c.h; path = SDEAttributeLabel.h; sourceTree = "<group>"; };
		1ACE3BBD17CF2C0E00EEB5DC /* SDEAttributeLabel.m */ = {isa = PBXFileReference; fileEncoding = 4; lastKnownFileType = sourcecode.c.objc; path = SDEAttributeLabel.m; sourceTree = "<group>"; };
		1ADB604317BE45700089DC05 /* MagicalImportFunctions.h */ = {isa = PBXFileReference; fileEncoding = 4; lastKnownFileType = sourcecode.c.h; path = MagicalImportFunctions.h; sourceTree = "<group>"; };
		1ADB604417BE45700089DC05 /* MagicalImportFunctions.m */ = {isa = PBXFileReference; fileEncoding = 4; lastKnownFileType = sourcecode.c.objc; path = MagicalImportFunctions.m; sourceTree = "<group>"; };
		1ADB604517BE45700089DC05 /* NSAttributeDescription+MagicalDataImport.h */ = {isa = PBXFileReference; fileEncoding = 4; lastKnownFileType = sourcecode.c.h; path = "NSAttributeDescription+MagicalDataImport.h"; sourceTree = "<group>"; };
		1ADB604617BE45700089DC05 /* NSAttributeDescription+MagicalDataImport.m */ = {isa = PBXFileReference; fileEncoding = 4; lastKnownFileType = sourcecode.c.objc; path = "NSAttributeDescription+MagicalDataImport.m"; sourceTree = "<group>"; };
		1ADB604717BE45700089DC05 /* NSEntityDescription+MagicalDataImport.h */ = {isa = PBXFileReference; fileEncoding = 4; lastKnownFileType = sourcecode.c.h; path = "NSEntityDescription+MagicalDataImport.h"; sourceTree = "<group>"; };
		1ADB604817BE45700089DC05 /* NSEntityDescription+MagicalDataImport.m */ = {isa = PBXFileReference; fileEncoding = 4; lastKnownFileType = sourcecode.c.objc; path = "NSEntityDescription+MagicalDataImport.m"; sourceTree = "<group>"; };
		1ADB604917BE45700089DC05 /* NSNumber+MagicalDataImport.h */ = {isa = PBXFileReference; fileEncoding = 4; lastKnownFileType = sourcecode.c.h; path = "NSNumber+MagicalDataImport.h"; sourceTree = "<group>"; };
		1ADB604A17BE45700089DC05 /* NSNumber+MagicalDataImport.m */ = {isa = PBXFileReference; fileEncoding = 4; lastKnownFileType = sourcecode.c.objc; path = "NSNumber+MagicalDataImport.m"; sourceTree = "<group>"; };
		1ADB604B17BE45700089DC05 /* NSObject+MagicalDataImport.h */ = {isa = PBXFileReference; fileEncoding = 4; lastKnownFileType = sourcecode.c.h; path = "NSObject+MagicalDataImport.h"; sourceTree = "<group>"; };
		1ADB604C17BE45700089DC05 /* NSObject+MagicalDataImport.m */ = {isa = PBXFileReference; fileEncoding = 4; lastKnownFileType = sourcecode.c.objc; path = "NSObject+MagicalDataImport.m"; sourceTree = "<group>"; };
		1ADB604D17BE45700089DC05 /* NSRelationshipDescription+MagicalDataImport.h */ = {isa = PBXFileReference; fileEncoding = 4; lastKnownFileType = sourcecode.c.h; path = "NSRelationshipDescription+MagicalDataImport.h"; sourceTree = "<group>"; };
		1ADB604E17BE45700089DC05 /* NSRelationshipDescription+MagicalDataImport.m */ = {isa = PBXFileReference; fileEncoding = 4; lastKnownFileType = sourcecode.c.objc; path = "NSRelationshipDescription+MagicalDataImport.m"; sourceTree = "<group>"; };
		1ADB604F17BE45700089DC05 /* NSString+MagicalDataImport.h */ = {isa = PBXFileReference; fileEncoding = 4; lastKnownFileType = sourcecode.c.h; path = "NSString+MagicalDataImport.h"; sourceTree = "<group>"; };
		1ADB605017BE45700089DC05 /* NSString+MagicalDataImport.m */ = {isa = PBXFileReference; fileEncoding = 4; lastKnownFileType = sourcecode.c.objc; path = "NSString+MagicalDataImport.m"; sourceTree = "<group>"; };
		1ADB605217BE45700089DC05 /* NSManagedObject+MagicalAggregation.h */ = {isa = PBXFileReference; fileEncoding = 4; lastKnownFileType = sourcecode.c.h; path = "NSManagedObject+MagicalAggregation.h"; sourceTree = "<group>"; };
		1ADB605317BE45700089DC05 /* NSManagedObject+MagicalAggregation.m */ = {isa = PBXFileReference; fileEncoding = 4; lastKnownFileType = sourcecode.c.objc; path = "NSManagedObject+MagicalAggregation.m"; sourceTree = "<group>"; };
		1ADB605417BE45700089DC05 /* NSManagedObject+MagicalDataImport.h */ = {isa = PBXFileReference; fileEncoding = 4; lastKnownFileType = sourcecode.c.h; path = "NSManagedObject+MagicalDataImport.h"; sourceTree = "<group>"; };
		1ADB605517BE45700089DC05 /* NSManagedObject+MagicalDataImport.m */ = {isa = PBXFileReference; fileEncoding = 4; lastKnownFileType = sourcecode.c.objc; path = "NSManagedObject+MagicalDataImport.m"; sourceTree = "<group>"; };
		1ADB605617BE45700089DC05 /* NSManagedObject+MagicalFinders.h */ = {isa = PBXFileReference; fileEncoding = 4; lastKnownFileType = sourcecode.c.h; path = "NSManagedObject+MagicalFinders.h"; sourceTree = "<group>"; };
		1ADB605717BE45700089DC05 /* NSManagedObject+MagicalFinders.m */ = {isa = PBXFileReference; fileEncoding = 4; lastKnownFileType = sourcecode.c.objc; path = "NSManagedObject+MagicalFinders.m"; sourceTree = "<group>"; };
		1ADB605817BE45700089DC05 /* NSManagedObject+MagicalRecord.h */ = {isa = PBXFileReference; fileEncoding = 4; lastKnownFileType = sourcecode.c.h; path = "NSManagedObject+MagicalRecord.h"; sourceTree = "<group>"; };
		1ADB605917BE45700089DC05 /* NSManagedObject+MagicalRecord.m */ = {isa = PBXFileReference; fileEncoding = 4; lastKnownFileType = sourcecode.c.objc; path = "NSManagedObject+MagicalRecord.m"; sourceTree = "<group>"; };
		1ADB605A17BE45700089DC05 /* NSManagedObject+MagicalRequests.h */ = {isa = PBXFileReference; fileEncoding = 4; lastKnownFileType = sourcecode.c.h; path = "NSManagedObject+MagicalRequests.h"; sourceTree = "<group>"; };
		1ADB605B17BE45700089DC05 /* NSManagedObject+MagicalRequests.m */ = {isa = PBXFileReference; fileEncoding = 4; lastKnownFileType = sourcecode.c.objc; path = "NSManagedObject+MagicalRequests.m"; sourceTree = "<group>"; };
		1ADB605D17BE45700089DC05 /* NSManagedObjectContext+MagicalObserving.h */ = {isa = PBXFileReference; fileEncoding = 4; lastKnownFileType = sourcecode.c.h; path = "NSManagedObjectContext+MagicalObserving.h"; sourceTree = "<group>"; };
		1ADB605E17BE45700089DC05 /* NSManagedObjectContext+MagicalObserving.m */ = {isa = PBXFileReference; fileEncoding = 4; lastKnownFileType = sourcecode.c.objc; path = "NSManagedObjectContext+MagicalObserving.m"; sourceTree = "<group>"; };
		1ADB605F17BE45700089DC05 /* NSManagedObjectContext+MagicalRecord.h */ = {isa = PBXFileReference; fileEncoding = 4; lastKnownFileType = sourcecode.c.h; path = "NSManagedObjectContext+MagicalRecord.h"; sourceTree = "<group>"; };
		1ADB606017BE45700089DC05 /* NSManagedObjectContext+MagicalRecord.m */ = {isa = PBXFileReference; fileEncoding = 4; lastKnownFileType = sourcecode.c.objc; path = "NSManagedObjectContext+MagicalRecord.m"; sourceTree = "<group>"; };
		1ADB606117BE45700089DC05 /* NSManagedObjectContext+MagicalSaves.h */ = {isa = PBXFileReference; fileEncoding = 4; lastKnownFileType = sourcecode.c.h; path = "NSManagedObjectContext+MagicalSaves.h"; sourceTree = "<group>"; };
		1ADB606217BE45700089DC05 /* NSManagedObjectContext+MagicalSaves.m */ = {isa = PBXFileReference; fileEncoding = 4; lastKnownFileType = sourcecode.c.objc; path = "NSManagedObjectContext+MagicalSaves.m"; sourceTree = "<group>"; };
		1ADB606317BE45700089DC05 /* NSManagedObjectContext+MagicalThreading.h */ = {isa = PBXFileReference; fileEncoding = 4; lastKnownFileType = sourcecode.c.h; path = "NSManagedObjectContext+MagicalThreading.h"; sourceTree = "<group>"; };
		1ADB606417BE45700089DC05 /* NSManagedObjectContext+MagicalThreading.m */ = {isa = PBXFileReference; fileEncoding = 4; lastKnownFileType = sourcecode.c.objc; path = "NSManagedObjectContext+MagicalThreading.m"; sourceTree = "<group>"; };
		1ADB606517BE45700089DC05 /* NSManagedObjectModel+MagicalRecord.h */ = {isa = PBXFileReference; fileEncoding = 4; lastKnownFileType = sourcecode.c.h; path = "NSManagedObjectModel+MagicalRecord.h"; sourceTree = "<group>"; };
		1ADB606617BE45700089DC05 /* NSManagedObjectModel+MagicalRecord.m */ = {isa = PBXFileReference; fileEncoding = 4; lastKnownFileType = sourcecode.c.objc; path = "NSManagedObjectModel+MagicalRecord.m"; sourceTree = "<group>"; };
		1ADB606717BE45700089DC05 /* NSPersistentStore+MagicalRecord.h */ = {isa = PBXFileReference; fileEncoding = 4; lastKnownFileType = sourcecode.c.h; path = "NSPersistentStore+MagicalRecord.h"; sourceTree = "<group>"; };
		1ADB606817BE45700089DC05 /* NSPersistentStore+MagicalRecord.m */ = {isa = PBXFileReference; fileEncoding = 4; lastKnownFileType = sourcecode.c.objc; path = "NSPersistentStore+MagicalRecord.m"; sourceTree = "<group>"; };
		1ADB606917BE45700089DC05 /* NSPersistentStoreCoordinator+MagicalRecord.h */ = {isa = PBXFileReference; fileEncoding = 4; lastKnownFileType = sourcecode.c.h; path = "NSPersistentStoreCoordinator+MagicalRecord.h"; sourceTree = "<group>"; };
		1ADB606A17BE45700089DC05 /* NSPersistentStoreCoordinator+MagicalRecord.m */ = {isa = PBXFileReference; fileEncoding = 4; lastKnownFileType = sourcecode.c.objc; path = "NSPersistentStoreCoordinator+MagicalRecord.m"; sourceTree = "<group>"; };
		1ADB606C17BE45700089DC05 /* MagicalRecord+Actions.h */ = {isa = PBXFileReference; fileEncoding = 4; lastKnownFileType = sourcecode.c.h; path = "MagicalRecord+Actions.h"; sourceTree = "<group>"; };
		1ADB606D17BE45700089DC05 /* MagicalRecord+Actions.m */ = {isa = PBXFileReference; fileEncoding = 4; lastKnownFileType = sourcecode.c.objc; path = "MagicalRecord+Actions.m"; sourceTree = "<group>"; };
		1ADB606E17BE45700089DC05 /* MagicalRecord+ErrorHandling.h */ = {isa = PBXFileReference; fileEncoding = 4; lastKnownFileType = sourcecode.c.h; path = "MagicalRecord+ErrorHandling.h"; sourceTree = "<group>"; };
		1ADB606F17BE45700089DC05 /* MagicalRecord+ErrorHandling.m */ = {isa = PBXFileReference; fileEncoding = 4; lastKnownFileType = sourcecode.c.objc; path = "MagicalRecord+ErrorHandling.m"; sourceTree = "<group>"; };
		1ADB607017BE45700089DC05 /* MagicalRecord+iCloud.h */ = {isa = PBXFileReference; fileEncoding = 4; lastKnownFileType = sourcecode.c.h; path = "MagicalRecord+iCloud.h"; sourceTree = "<group>"; };
		1ADB607117BE45700089DC05 /* MagicalRecord+iCloud.m */ = {isa = PBXFileReference; fileEncoding = 4; lastKnownFileType = sourcecode.c.objc; path = "MagicalRecord+iCloud.m"; sourceTree = "<group>"; };
		1ADB607217BE45700089DC05 /* MagicalRecord+Options.h */ = {isa = PBXFileReference; fileEncoding = 4; lastKnownFileType = sourcecode.c.h; path = "MagicalRecord+Options.h"; sourceTree = "<group>"; };
		1ADB607317BE45700089DC05 /* MagicalRecord+Options.m */ = {isa = PBXFileReference; fileEncoding = 4; lastKnownFileType = sourcecode.c.objc; path = "MagicalRecord+Options.m"; sourceTree = "<group>"; };
		1ADB607417BE45700089DC05 /* MagicalRecord+Setup.h */ = {isa = PBXFileReference; fileEncoding = 4; lastKnownFileType = sourcecode.c.h; path = "MagicalRecord+Setup.h"; sourceTree = "<group>"; };
		1ADB607517BE45700089DC05 /* MagicalRecord+Setup.m */ = {isa = PBXFileReference; fileEncoding = 4; lastKnownFileType = sourcecode.c.objc; path = "MagicalRecord+Setup.m"; sourceTree = "<group>"; };
		1ADB607617BE45700089DC05 /* MagicalRecord+ShorthandSupport.h */ = {isa = PBXFileReference; fileEncoding = 4; lastKnownFileType = sourcecode.c.h; path = "MagicalRecord+ShorthandSupport.h"; sourceTree = "<group>"; };
		1ADB607717BE45700089DC05 /* MagicalRecord+ShorthandSupport.m */ = {isa = PBXFileReference; fileEncoding = 4; lastKnownFileType = sourcecode.c.objc; path = "MagicalRecord+ShorthandSupport.m"; sourceTree = "<group>"; };
		1ADB607817BE45700089DC05 /* MagicalRecord.h */ = {isa = PBXFileReference; fileEncoding = 4; lastKnownFileType = sourcecode.c.h; path = MagicalRecord.h; sourceTree = "<group>"; };
		1ADB607917BE45700089DC05 /* MagicalRecord.m */ = {isa = PBXFileReference; fileEncoding = 4; lastKnownFileType = sourcecode.c.objc; path = MagicalRecord.m; sourceTree = "<group>"; };
		1ADB607A17BE45700089DC05 /* MagicalRecordShorthand.h */ = {isa = PBXFileReference; fileEncoding = 4; lastKnownFileType = sourcecode.c.h; path = MagicalRecordShorthand.h; sourceTree = "<group>"; };
		1ADB607B17BE45700089DC05 /* CoreData+MagicalRecord.h */ = {isa = PBXFileReference; fileEncoding = 4; lastKnownFileType = sourcecode.c.h; path = "CoreData+MagicalRecord.h"; sourceTree = "<group>"; };
		1ADB609817BE45D50089DC05 /* CoreData.framework */ = {isa = PBXFileReference; lastKnownFileType = wrapper.framework; name = CoreData.framework; path = System/Library/Frameworks/CoreData.framework; sourceTree = SDKROOT; };
		1ADB609B17BE46190089DC05 /* SDEManagerModel.xcdatamodel */ = {isa = PBXFileReference; lastKnownFileType = wrapper.xcdatamodel; path = SDEManagerModel.xcdatamodel; sourceTree = "<group>"; };
		1AFFAA9617C2472A00C1983F /* SDECharacterList.h */ = {isa = PBXFileReference; fileEncoding = 4; lastKnownFileType = sourcecode.c.h; path = SDECharacterList.h; sourceTree = "<group>"; };
		1AFFAA9717C2472A00C1983F /* SDECharacterList.m */ = {isa = PBXFileReference; fileEncoding = 4; lastKnownFileType = sourcecode.c.objc; path = SDECharacterList.m; sourceTree = "<group>"; };
/* End PBXFileReference section */

/* Begin PBXFrameworksBuildPhase section */
		1A8F266317BB6B1800825F75 /* Frameworks */ = {
			isa = PBXFrameworksBuildPhase;
			buildActionMask = 2147483647;
			files = (
				1ADB609917BE45D50089DC05 /* CoreData.framework in Frameworks */,
				1A8F266C17BB6B1800825F75 /* CoreGraphics.framework in Frameworks */,
				1A8F266E17BB6B1800825F75 /* UIKit.framework in Frameworks */,
				1A8F266A17BB6B1800825F75 /* Foundation.framework in Frameworks */,
			);
			runOnlyForDeploymentPostprocessing = 0;
		};
		1A8F268717BB6B1800825F75 /* Frameworks */ = {
			isa = PBXFrameworksBuildPhase;
			buildActionMask = 2147483647;
			files = (
				1A8F268C17BB6B1800825F75 /* XCTest.framework in Frameworks */,
				1A8F268E17BB6B1800825F75 /* UIKit.framework in Frameworks */,
				1A8F268D17BB6B1800825F75 /* Foundation.framework in Frameworks */,
			);
			runOnlyForDeploymentPostprocessing = 0;
		};
/* End PBXFrameworksBuildPhase section */

/* Begin PBXGroup section */
		1A6A2ABA17BE584F00802544 /* Entities */ = {
			isa = PBXGroup;
			children = (
				1A6A2ABB17BE584F00802544 /* DBCharacter.h */,
				1A6A2ABC17BE584F00802544 /* DBCharacter.m */,
				1A6A2AC817BE584F00802544 /* SDEAction.h */,
				1A6A2AC917BE584F00802544 /* SDEAction.m */,
				1A6A2ACA17BE584F00802544 /* SDEAttribute.h */,
				1A6A2ACB17BE584F00802544 /* SDEAttribute.m */,
				1A6A2ACC17BE584F00802544 /* SDECharacter.h */,
				1A6A2ACD17BE584F00802544 /* SDECharacter.m */,
				1ACE3BA217C7425D00EEB5DC /* SDEItem.h */,
				1ACE3BA317C7425D00EEB5DC /* SDEItem.m */,
				1A6A2ACE17BE584F00802544 /* SDEStatusEffect.h */,
				1A6A2ACF17BE584F00802544 /* SDEStatusEffect.m */,
				1A6A2ABD17BE584F00802544 /* MachineFiles */,
			);
			path = Entities;
			sourceTree = "<group>";
		};
		1A6A2ABD17BE584F00802544 /* MachineFiles */ = {
			isa = PBXGroup;
			children = (
				1A6A2ABE17BE584F00802544 /* _DBCharacter.h */,
				1A6A2ABF17BE584F00802544 /* _DBCharacter.m */,
				1A6A2AC017BE584F00802544 /* _SDEAction.h */,
				1A6A2AC117BE584F00802544 /* _SDEAction.m */,
				1A6A2AC217BE584F00802544 /* _SDEAttribute.h */,
				1A6A2AC317BE584F00802544 /* _SDEAttribute.m */,
				1A6A2AC417BE584F00802544 /* _SDECharacter.h */,
				1A6A2AC517BE584F00802544 /* _SDECharacter.m */,
				1ACE3BA517C7427400EEB5DC /* _SDEItem.h */,
				1ACE3BA617C7427400EEB5DC /* _SDEItem.m */,
				1A6A2AC617BE584F00802544 /* _SDEStatusEffect.h */,
				1A6A2AC717BE584F00802544 /* _SDEStatusEffect.m */,
			);
			path = MachineFiles;
			sourceTree = "<group>";
		};
		1A8F265D17BB6B1800825F75 = {
			isa = PBXGroup;
			children = (
				1A8F266F17BB6B1800825F75 /* SDEManager */,
				1A8F269117BB6B1900825F75 /* SDEManagerTests */,
				1A8F266817BB6B1800825F75 /* Frameworks */,
				1A8F266717BB6B1800825F75 /* Products */,
			);
			sourceTree = "<group>";
		};
		1A8F266717BB6B1800825F75 /* Products */ = {
			isa = PBXGroup;
			children = (
				1A8F266617BB6B1800825F75 /* SDEManager.app */,
				1A8F268A17BB6B1800825F75 /* SDEManagerTests.xctest */,
			);
			name = Products;
			sourceTree = "<group>";
		};
		1A8F266817BB6B1800825F75 /* Frameworks */ = {
			isa = PBXGroup;
			children = (
				1ADB609817BE45D50089DC05 /* CoreData.framework */,
				1A8F266917BB6B1800825F75 /* Foundation.framework */,
				1A8F266B17BB6B1800825F75 /* CoreGraphics.framework */,
				1A8F266D17BB6B1800825F75 /* UIKit.framework */,
				1A8F268B17BB6B1800825F75 /* XCTest.framework */,
			);
			name = Frameworks;
			sourceTree = "<group>";
		};
		1A8F266F17BB6B1800825F75 /* SDEManager */ = {
			isa = PBXGroup;
			children = (
				1A6A2ADC17BE62A600802544 /* SDEDefines.h */,
				1A8F267817BB6B1800825F75 /* SDEAppDelegate.h */,
				1A8F267917BB6B1800825F75 /* SDEAppDelegate.m */,
				1A8F267B17BB6B1800825F75 /* Main_iPhone.storyboard */,
				1A8F267E17BB6B1800825F75 /* Main_iPad.storyboard */,
				1ADB609A17BE46190089DC05 /* SDEManagerModel.xcdatamodeld */,
				1A8F268417BB6B1800825F75 /* Images.xcassets */,
				1AFFAA9617C2472A00C1983F /* SDECharacterList.h */,
				1AFFAA9717C2472A00C1983F /* SDECharacterList.m */,
				1A93CFB717C21CAF0042F7A7 /* SDECharacterController.h */,
				1A93CFB817C21CAF0042F7A7 /* SDECharacterController.m */,
				1ACB388F17C3ABD900965B37 /* Views */,
				1ACB388517C381E400965B37 /* Popovers */,
				1A6A2ABA17BE584F00802544 /* Entities */,
				1ADB609617BE45780089DC05 /* CharacterCell */,
				1ADB603F17BE45700089DC05 /* Externals */,
				1A8F26A917BB95B100825F75 /* Fonts */,
				1A8F267017BB6B1800825F75 /* Supporting Files */,
			);
			path = SDEManager;
			sourceTree = "<group>";
		};
		1A8F267017BB6B1800825F75 /* Supporting Files */ = {
			isa = PBXGroup;
			children = (
				1A8F267117BB6B1800825F75 /* SDEManager-Info.plist */,
				1A8F267217BB6B1800825F75 /* InfoPlist.strings */,
				1A8F267517BB6B1800825F75 /* main.m */,
				1A8F267717BB6B1800825F75 /* SDEManager-Prefix.pch */,
				1A6A2AB817BE562A00802544 /* attributes.txt */,
				1A6A2ADA17BE586D00802544 /* actions.txt */,
				1A8E553F17BE698600DBD792 /* heroes.txt */,
				1ACE3BA017C7359100EEB5DC /* items.txt */,
			);
			name = "Supporting Files";
			sourceTree = "<group>";
		};
		1A8F269117BB6B1900825F75 /* SDEManagerTests */ = {
			isa = PBXGroup;
			children = (
				1A8F269717BB6B1900825F75 /* SDEManagerTests.m */,
				1A8F269217BB6B1900825F75 /* Supporting Files */,
			);
			path = SDEManagerTests;
			sourceTree = "<group>";
		};
		1A8F269217BB6B1900825F75 /* Supporting Files */ = {
			isa = PBXGroup;
			children = (
				1A8F269317BB6B1900825F75 /* SDEManagerTests-Info.plist */,
				1A8F269417BB6B1900825F75 /* InfoPlist.strings */,
			);
			name = "Supporting Files";
			sourceTree = "<group>";
		};
		1A8F26A917BB95B100825F75 /* Fonts */ = {
			isa = PBXGroup;
			children = (
				1A8F26AA17BB95B100825F75 /* Adelon-Bold.ttf */,
				1A8F26AB17BB95B100825F75 /* albertus-mt.ttf */,
				1ACE3BAE17CB864800EEB5DC /* AlbertusMTItalic.ttf */,
			);
			path = Fonts;
			sourceTree = "<group>";
		};
		1ACB388517C381E400965B37 /* Popovers */ = {
			isa = PBXGroup;
			children = (
				1A8F26A117BB6B7300825F75 /* SDECollectionViewController.h */,
				1A8F26A217BB6B7300825F75 /* SDECollectionViewController.m */,
				1ACB388617C3820C00965B37 /* SDEStatusEffectsViewController.h */,
				1ACB388717C3820C00965B37 /* SDEStatusEffectsViewController.m */,
				1ACB388C17C39B2500965B37 /* SDEStatusEffectDetailView.h */,
				1ACB388D17C39B2500965B37 /* SDEStatusEffectDetailView.m */,
				1ACE3BAB17CB727600EEB5DC /* SDEItemListViewController.h */,
				1ACE3BAC17CB727600EEB5DC /* SDEItemListViewController.m */,
				1ACE3BB017CE00D000EEB5DC /* SDEDiceStatsViewController.h */,
				1ACE3BB117CE00D000EEB5DC /* SDEDiceStatsViewController.m */,
				1ACE3BB317CE1B4E00EEB5DC /* SDEAreaAndControlEffectsViewController.h */,
				1ACE3BB417CE1B4E00EEB5DC /* SDEAreaAndControlEffectsViewController.m */,
				1ACE3BB617CE1EF500EEB5DC /* SDEAreaOrControlEffectViewController.h */,
				1ACE3BB717CE1EF500EEB5DC /* SDEAreaOrControlEffectViewController.m */,
			);
			name = Popovers;
			sourceTree = "<group>";
		};
		1ACB388F17C3ABD900965B37 /* Views */ = {
			isa = PBXGroup;
			children = (
				1ACB389017C3ABF800965B37 /* SDEStatusEffectView.h */,
				1ACB389117C3ABF800965B37 /* SDEStatusEffectView.m */,
				1ACE3BA817C742E800EEB5DC /* SDEItemView.h */,
				1ACE3BA917C742E800EEB5DC /* SDEItemView.m */,
			);
			name = Views;
			sourceTree = "<group>";
		};
		1ADB603F17BE45700089DC05 /* Externals */ = {
			isa = PBXGroup;
			children = (
				1ADB604017BE45700089DC05 /* MagicalRecord */,
			);
			path = Externals;
			sourceTree = "<group>";
		};
		1ADB604017BE45700089DC05 /* MagicalRecord */ = {
			isa = PBXGroup;
			children = (
				1ADB604117BE45700089DC05 /* Categories */,
				1ADB606B17BE45700089DC05 /* Core */,
				1ADB607B17BE45700089DC05 /* CoreData+MagicalRecord.h */,
			);
			path = MagicalRecord;
			sourceTree = "<group>";
		};
		1ADB604117BE45700089DC05 /* Categories */ = {
			isa = PBXGroup;
			children = (
				1ADB604217BE45700089DC05 /* DataImport */,
				1ADB605117BE45700089DC05 /* NSManagedObject */,
				1ADB605C17BE45700089DC05 /* NSManagedObjectContext */,
				1ADB606517BE45700089DC05 /* NSManagedObjectModel+MagicalRecord.h */,
				1ADB606617BE45700089DC05 /* NSManagedObjectModel+MagicalRecord.m */,
				1ADB606717BE45700089DC05 /* NSPersistentStore+MagicalRecord.h */,
				1ADB606817BE45700089DC05 /* NSPersistentStore+MagicalRecord.m */,
				1ADB606917BE45700089DC05 /* NSPersistentStoreCoordinator+MagicalRecord.h */,
				1ADB606A17BE45700089DC05 /* NSPersistentStoreCoordinator+MagicalRecord.m */,
			);
			path = Categories;
			sourceTree = "<group>";
		};
		1ADB604217BE45700089DC05 /* DataImport */ = {
			isa = PBXGroup;
			children = (
				1ADB604317BE45700089DC05 /* MagicalImportFunctions.h */,
				1ADB604417BE45700089DC05 /* MagicalImportFunctions.m */,
				1ADB604517BE45700089DC05 /* NSAttributeDescription+MagicalDataImport.h */,
				1ADB604617BE45700089DC05 /* NSAttributeDescription+MagicalDataImport.m */,
				1ADB604717BE45700089DC05 /* NSEntityDescription+MagicalDataImport.h */,
				1ADB604817BE45700089DC05 /* NSEntityDescription+MagicalDataImport.m */,
				1ADB604917BE45700089DC05 /* NSNumber+MagicalDataImport.h */,
				1ADB604A17BE45700089DC05 /* NSNumber+MagicalDataImport.m */,
				1ADB604B17BE45700089DC05 /* NSObject+MagicalDataImport.h */,
				1ADB604C17BE45700089DC05 /* NSObject+MagicalDataImport.m */,
				1ADB604D17BE45700089DC05 /* NSRelationshipDescription+MagicalDataImport.h */,
				1ADB604E17BE45700089DC05 /* NSRelationshipDescription+MagicalDataImport.m */,
				1ADB604F17BE45700089DC05 /* NSString+MagicalDataImport.h */,
				1ADB605017BE45700089DC05 /* NSString+MagicalDataImport.m */,
			);
			path = DataImport;
			sourceTree = "<group>";
		};
		1ADB605117BE45700089DC05 /* NSManagedObject */ = {
			isa = PBXGroup;
			children = (
				1ADB605217BE45700089DC05 /* NSManagedObject+MagicalAggregation.h */,
				1ADB605317BE45700089DC05 /* NSManagedObject+MagicalAggregation.m */,
				1ADB605417BE45700089DC05 /* NSManagedObject+MagicalDataImport.h */,
				1ADB605517BE45700089DC05 /* NSManagedObject+MagicalDataImport.m */,
				1ADB605617BE45700089DC05 /* NSManagedObject+MagicalFinders.h */,
				1ADB605717BE45700089DC05 /* NSManagedObject+MagicalFinders.m */,
				1ADB605817BE45700089DC05 /* NSManagedObject+MagicalRecord.h */,
				1ADB605917BE45700089DC05 /* NSManagedObject+MagicalRecord.m */,
				1ADB605A17BE45700089DC05 /* NSManagedObject+MagicalRequests.h */,
				1ADB605B17BE45700089DC05 /* NSManagedObject+MagicalRequests.m */,
			);
			path = NSManagedObject;
			sourceTree = "<group>";
		};
		1ADB605C17BE45700089DC05 /* NSManagedObjectContext */ = {
			isa = PBXGroup;
			children = (
				1ADB605D17BE45700089DC05 /* NSManagedObjectContext+MagicalObserving.h */,
				1ADB605E17BE45700089DC05 /* NSManagedObjectContext+MagicalObserving.m */,
				1ADB605F17BE45700089DC05 /* NSManagedObjectContext+MagicalRecord.h */,
				1ADB606017BE45700089DC05 /* NSManagedObjectContext+MagicalRecord.m */,
				1ADB606117BE45700089DC05 /* NSManagedObjectContext+MagicalSaves.h */,
				1ADB606217BE45700089DC05 /* NSManagedObjectContext+MagicalSaves.m */,
				1ADB606317BE45700089DC05 /* NSManagedObjectContext+MagicalThreading.h */,
				1ADB606417BE45700089DC05 /* NSManagedObjectContext+MagicalThreading.m */,
			);
			path = NSManagedObjectContext;
			sourceTree = "<group>";
		};
		1ADB606B17BE45700089DC05 /* Core */ = {
			isa = PBXGroup;
			children = (
				1ADB606C17BE45700089DC05 /* MagicalRecord+Actions.h */,
				1ADB606D17BE45700089DC05 /* MagicalRecord+Actions.m */,
				1ADB606E17BE45700089DC05 /* MagicalRecord+ErrorHandling.h */,
				1ADB606F17BE45700089DC05 /* MagicalRecord+ErrorHandling.m */,
				1ADB607017BE45700089DC05 /* MagicalRecord+iCloud.h */,
				1ADB607117BE45700089DC05 /* MagicalRecord+iCloud.m */,
				1ADB607217BE45700089DC05 /* MagicalRecord+Options.h */,
				1ADB607317BE45700089DC05 /* MagicalRecord+Options.m */,
				1ADB607417BE45700089DC05 /* MagicalRecord+Setup.h */,
				1ADB607517BE45700089DC05 /* MagicalRecord+Setup.m */,
				1ADB607617BE45700089DC05 /* MagicalRecord+ShorthandSupport.h */,
				1ADB607717BE45700089DC05 /* MagicalRecord+ShorthandSupport.m */,
				1ADB607817BE45700089DC05 /* MagicalRecord.h */,
				1ADB607917BE45700089DC05 /* MagicalRecord.m */,
				1ADB607A17BE45700089DC05 /* MagicalRecordShorthand.h */,
			);
			path = Core;
			sourceTree = "<group>";
		};
		1ADB609617BE45780089DC05 /* CharacterCell */ = {
			isa = PBXGroup;
			children = (
				1A8F26A417BB79F300825F75 /* SDECharacterCell.h */,
				1A8F26A517BB79F300825F75 /* SDECharacterCell.m */,
				1A29336E17BCD3230041A615 /* SDECharacterBackCell.h */,
				1A29336F17BCD3240041A615 /* SDECharacterBackCell.m */,
				1A29337117BCF2D60041A615 /* SDECharacterBackCell.xib */,
				1ACB388317C366AB00965B37 /* SDECharacterBackCell~ipad.xib */,
				1ADB609717BE458F0089DC05 /* Views */,
			);
			name = CharacterCell;
			sourceTree = "<group>";
		};
		1ADB609717BE458F0089DC05 /* Views */ = {
			isa = PBXGroup;
			children = (
				1A29336217BB9C300041A615 /* SDEDiceView.h */,
				1A29336317BB9C300041A615 /* SDEDiceView.m */,
				1A29336817BBAF730041A615 /* SDEOutlineLabel.h */,
				1A29336917BBAF730041A615 /* SDEOutlineLabel.m */,
				1A29336B17BBBD7A0041A615 /* SDEAttributeView.h */,
				1A29336C17BBBD7A0041A615 /* SDEAttributeView.m */,
				1ACE3BB917CF299900EEB5DC /* SDEAttributeTextView.h */,
				1ACE3BBA17CF299900EEB5DC /* SDEAttributeTextView.m */,
				1ACE3BBC17CF2C0E00EEB5DC /* SDEAttributeLabel.h */,
				1ACE3BBD17CF2C0E00EEB5DC /* SDEAttributeLabel.m */,
			);
			name = Views;
			sourceTree = "<group>";
		};
/* End PBXGroup section */

/* Begin PBXNativeTarget section */
		1A8F266517BB6B1800825F75 /* SDEManager */ = {
			isa = PBXNativeTarget;
			buildConfigurationList = 1A8F269B17BB6B1900825F75 /* Build configuration list for PBXNativeTarget "SDEManager" */;
			buildPhases = (
				1A8F266217BB6B1800825F75 /* Sources */,
				1A8F266317BB6B1800825F75 /* Frameworks */,
				1A8F266417BB6B1800825F75 /* Resources */,
			);
			buildRules = (
			);
			dependencies = (
			);
			name = SDEManager;
			productName = SDEManager;
			productReference = 1A8F266617BB6B1800825F75 /* SDEManager.app */;
			productType = "com.apple.product-type.application";
		};
		1A8F268917BB6B1800825F75 /* SDEManagerTests */ = {
			isa = PBXNativeTarget;
			buildConfigurationList = 1A8F269E17BB6B1900825F75 /* Build configuration list for PBXNativeTarget "SDEManagerTests" */;
			buildPhases = (
				1A8F268617BB6B1800825F75 /* Sources */,
				1A8F268717BB6B1800825F75 /* Frameworks */,
				1A8F268817BB6B1800825F75 /* Resources */,
			);
			buildRules = (
			);
			dependencies = (
				1A8F269017BB6B1900825F75 /* PBXTargetDependency */,
			);
			name = SDEManagerTests;
			productName = SDEManagerTests;
			productReference = 1A8F268A17BB6B1800825F75 /* SDEManagerTests.xctest */;
			productType = "com.apple.product-type.bundle.unit-test";
		};
/* End PBXNativeTarget section */

/* Begin PBXProject section */
		1A8F265E17BB6B1800825F75 /* Project object */ = {
			isa = PBXProject;
			attributes = {
				CLASSPREFIX = SDE;
				LastUpgradeCheck = 0500;
				ORGANIZATIONNAME = "Lindapp AB";
				TargetAttributes = {
					1A8F266517BB6B1800825F75 = {
						DevelopmentTeam = NZ3G93N6B7;
					};
					1A8F268917BB6B1800825F75 = {
						TestTargetID = 1A8F266517BB6B1800825F75;
					};
				};
			};
			buildConfigurationList = 1A8F266117BB6B1800825F75 /* Build configuration list for PBXProject "SDEManager" */;
			compatibilityVersion = "Xcode 3.2";
			developmentRegion = English;
			hasScannedForEncodings = 0;
			knownRegions = (
				en,
				Base,
			);
			mainGroup = 1A8F265D17BB6B1800825F75;
			productRefGroup = 1A8F266717BB6B1800825F75 /* Products */;
			projectDirPath = "";
			projectRoot = "";
			targets = (
				1A8F266517BB6B1800825F75 /* SDEManager */,
				1A8F268917BB6B1800825F75 /* SDEManagerTests */,
			);
		};
/* End PBXProject section */

/* Begin PBXResourcesBuildPhase section */
		1A8F266417BB6B1800825F75 /* Resources */ = {
			isa = PBXResourcesBuildPhase;
			buildActionMask = 2147483647;
			files = (
				1A8F26AD17BB95B100825F75 /* albertus-mt.ttf in Resources */,
				1ACE3BAF17CB864800EEB5DC /* AlbertusMTItalic.ttf in Resources */,
				1A8F268017BB6B1800825F75 /* Main_iPad.storyboard in Resources */,
				1A8E554017BE698600DBD792 /* heroes.txt in Resources */,
				1A29337217BCF2D60041A615 /* SDECharacterBackCell.xib in Resources */,
				1A6A2AB917BE562A00802544 /* attributes.txt in Resources */,
				1ACE3BA117C7359100EEB5DC /* items.txt in Resources */,
				1A8F268517BB6B1800825F75 /* Images.xcassets in Resources */,
				1A8F267D17BB6B1800825F75 /* Main_iPhone.storyboard in Resources */,
				1ACB388417C366AB00965B37 /* SDECharacterBackCell~ipad.xib in Resources */,
				1A8F26AC17BB95B100825F75 /* Adelon-Bold.ttf in Resources */,
				1A6A2ADB17BE586D00802544 /* actions.txt in Resources */,
				1A8F267417BB6B1800825F75 /* InfoPlist.strings in Resources */,
			);
			runOnlyForDeploymentPostprocessing = 0;
		};
		1A8F268817BB6B1800825F75 /* Resources */ = {
			isa = PBXResourcesBuildPhase;
			buildActionMask = 2147483647;
			files = (
				1A8F269617BB6B1900825F75 /* InfoPlist.strings in Resources */,
			);
			runOnlyForDeploymentPostprocessing = 0;
		};
/* End PBXResourcesBuildPhase section */

/* Begin PBXSourcesBuildPhase section */
		1A8F266217BB6B1800825F75 /* Sources */ = {
			isa = PBXSourcesBuildPhase;
			buildActionMask = 2147483647;
			files = (
				1ACB388E17C39B2500965B37 /* SDEStatusEffectDetailView.m in Sources */,
				1ADB608417BE45700089DC05 /* NSManagedObject+MagicalDataImport.m in Sources */,
				1ACE3BBE17CF2C0E00EEB5DC /* SDEAttributeLabel.m in Sources */,
				1ADB609117BE45700089DC05 /* MagicalRecord+iCloud.m in Sources */,
				1A29336A17BBAF730041A615 /* SDEOutlineLabel.m in Sources */,
				1ADB608617BE45700089DC05 /* NSManagedObject+MagicalRecord.m in Sources */,
				1ACE3BAA17C742E800EEB5DC /* SDEItemView.m in Sources */,
				1A6A2AD217BE584F00802544 /* _SDEAction.m in Sources */,
				1ADB608F17BE45700089DC05 /* MagicalRecord+Actions.m in Sources */,
				1ADB608A17BE45700089DC05 /* NSManagedObjectContext+MagicalSaves.m in Sources */,
				1ADB608E17BE45700089DC05 /* NSPersistentStoreCoordinator+MagicalRecord.m in Sources */,
				1A8F26A317BB6B7300825F75 /* SDECollectionViewController.m in Sources */,
				1ACE3BB517CE1B4E00EEB5DC /* SDEAreaAndControlEffectsViewController.m in Sources */,
				1ACE3BB817CE1EF500EEB5DC /* SDEAreaOrControlEffectViewController.m in Sources */,
				1ADB608B17BE45700089DC05 /* NSManagedObjectContext+MagicalThreading.m in Sources */,
				1ADB608017BE45700089DC05 /* NSObject+MagicalDataImport.m in Sources */,
				1ADB608817BE45700089DC05 /* NSManagedObjectContext+MagicalObserving.m in Sources */,
				1ACE3BAD17CB727600EEB5DC /* SDEItemListViewController.m in Sources */,
				1ADB609417BE45700089DC05 /* MagicalRecord+ShorthandSupport.m in Sources */,
				1A6A2AD517BE584F00802544 /* _SDEStatusEffect.m in Sources */,
				1ADB607D17BE45700089DC05 /* NSAttributeDescription+MagicalDataImport.m in Sources */,
				1ADB608717BE45700089DC05 /* NSManagedObject+MagicalRequests.m in Sources */,
				1ADB609017BE45700089DC05 /* MagicalRecord+ErrorHandling.m in Sources */,
				1ADB609517BE45700089DC05 /* MagicalRecord.m in Sources */,
				1A6A2AD617BE584F00802544 /* SDEAction.m in Sources */,
				1ADB609217BE45700089DC05 /* MagicalRecord+Options.m in Sources */,
				1ACE3BA417C7425D00EEB5DC /* SDEItem.m in Sources */,
				1ACB388817C3820C00965B37 /* SDEStatusEffectsViewController.m in Sources */,
				1ACB389217C3ABF800965B37 /* SDEStatusEffectView.m in Sources */,
				1A6A2AD417BE584F00802544 /* _SDECharacter.m in Sources */,
				1A29336417BB9C300041A615 /* SDEDiceView.m in Sources */,
				1ADB608317BE45700089DC05 /* NSManagedObject+MagicalAggregation.m in Sources */,
				1ADB608217BE45700089DC05 /* NSString+MagicalDataImport.m in Sources */,
				1ADB608117BE45700089DC05 /* NSRelationshipDescription+MagicalDataImport.m in Sources */,
				1A29337017BCD3240041A615 /* SDECharacterBackCell.m in Sources */,
				1ADB608C17BE45700089DC05 /* NSManagedObjectModel+MagicalRecord.m in Sources */,
				1A8F267617BB6B1800825F75 /* main.m in Sources */,
				1A8F26A617BB79F300825F75 /* SDECharacterCell.m in Sources */,
				1ADB608917BE45700089DC05 /* NSManagedObjectContext+MagicalRecord.m in Sources */,
				1A6A2AD917BE584F00802544 /* SDEStatusEffect.m in Sources */,
				1ACE3BB217CE00D000EEB5DC /* SDEDiceStatsViewController.m in Sources */,
				1A29336D17BBBD7B0041A615 /* SDEAttributeView.m in Sources */,
				1ADB609317BE45700089DC05 /* MagicalRecord+Setup.m in Sources */,
				1ADB607E17BE45700089DC05 /* NSEntityDescription+MagicalDataImport.m in Sources */,
				1A8F267A17BB6B1800825F75 /* SDEAppDelegate.m in Sources */,
				1A6A2AD817BE584F00802544 /* SDECharacter.m in Sources */,
				1ADB607C17BE45700089DC05 /* MagicalImportFunctions.m in Sources */,
				1AFFAA9817C2472A00C1983F /* SDECharacterList.m in Sources */,
				1ADB608517BE45700089DC05 /* NSManagedObject+MagicalFinders.m in Sources */,
				1ADB607F17BE45700089DC05 /* NSNumber+MagicalDataImport.m in Sources */,
				1ACE3BBB17CF299900EEB5DC /* SDEAttributeTextView.m in Sources */,
				1ADB609C17BE46190089DC05 /* SDEManagerModel.xcdatamodeld in Sources */,
				1ADB608D17BE45700089DC05 /* NSPersistentStore+MagicalRecord.m in Sources */,
				1A6A2AD717BE584F00802544 /* SDEAttribute.m in Sources */,
				1ACE3BA717C7427400EEB5DC /* _SDEItem.m in Sources */,
				1A6A2AD317BE584F00802544 /* _SDEAttribute.m in Sources */,
				1A6A2AD017BE584F00802544 /* DBCharacter.m in Sources */,
				1A93CFB917C21CAF0042F7A7 /* SDECharacterController.m in Sources */,
				1A6A2AD117BE584F00802544 /* _DBCharacter.m in Sources */,
			);
			runOnlyForDeploymentPostprocessing = 0;
		};
		1A8F268617BB6B1800825F75 /* Sources */ = {
			isa = PBXSourcesBuildPhase;
			buildActionMask = 2147483647;
			files = (
				1A8F269817BB6B1900825F75 /* SDEManagerTests.m in Sources */,
			);
			runOnlyForDeploymentPostprocessing = 0;
		};
/* End PBXSourcesBuildPhase section */

/* Begin PBXTargetDependency section */
		1A8F269017BB6B1900825F75 /* PBXTargetDependency */ = {
			isa = PBXTargetDependency;
			target = 1A8F266517BB6B1800825F75 /* SDEManager */;
			targetProxy = 1A8F268F17BB6B1900825F75 /* PBXContainerItemProxy */;
		};
/* End PBXTargetDependency section */

/* Begin PBXVariantGroup section */
		1A8F267217BB6B1800825F75 /* InfoPlist.strings */ = {
			isa = PBXVariantGroup;
			children = (
				1A8F267317BB6B1800825F75 /* en */,
			);
			name = InfoPlist.strings;
			sourceTree = "<group>";
		};
		1A8F267B17BB6B1800825F75 /* Main_iPhone.storyboard */ = {
			isa = PBXVariantGroup;
			children = (
				1A8F267C17BB6B1800825F75 /* Base */,
			);
			name = Main_iPhone.storyboard;
			sourceTree = "<group>";
		};
		1A8F267E17BB6B1800825F75 /* Main_iPad.storyboard */ = {
			isa = PBXVariantGroup;
			children = (
				1A8F267F17BB6B1800825F75 /* Base */,
			);
			name = Main_iPad.storyboard;
			sourceTree = "<group>";
		};
		1A8F269417BB6B1900825F75 /* InfoPlist.strings */ = {
			isa = PBXVariantGroup;
			children = (
				1A8F269517BB6B1900825F75 /* en */,
			);
			name = InfoPlist.strings;
			sourceTree = "<group>";
		};
/* End PBXVariantGroup section */

/* Begin XCBuildConfiguration section */
		1A8F269917BB6B1900825F75 /* Debug */ = {
			isa = XCBuildConfiguration;
			buildSettings = {
				ALWAYS_SEARCH_USER_PATHS = NO;
				CLANG_CXX_LANGUAGE_STANDARD = "gnu++0x";
				CLANG_CXX_LIBRARY = "libc++";
				CLANG_ENABLE_MODULES = YES;
				CLANG_ENABLE_OBJC_ARC = YES;
				CLANG_WARN_BOOL_CONVERSION = YES;
				CLANG_WARN_CONSTANT_CONVERSION = YES;
				CLANG_WARN_DIRECT_OBJC_ISA_USAGE = YES_ERROR;
				CLANG_WARN_EMPTY_BODY = YES;
				CLANG_WARN_ENUM_CONVERSION = YES;
				CLANG_WARN_INT_CONVERSION = YES;
				CLANG_WARN_OBJC_ROOT_CLASS = YES_ERROR;
				CLANG_WARN__DUPLICATE_METHOD_MATCH = YES;
				"CODE_SIGN_IDENTITY[sdk=iphoneos*]" = "iPhone Developer";
				COPY_PHASE_STRIP = NO;
				GCC_C_LANGUAGE_STANDARD = gnu99;
				GCC_DYNAMIC_NO_PIC = NO;
				GCC_OPTIMIZATION_LEVEL = 0;
				GCC_PREPROCESSOR_DEFINITIONS = (
					"DEBUG=1",
					"$(inherited)",
				);
				GCC_SYMBOLS_PRIVATE_EXTERN = NO;
				GCC_WARN_ABOUT_RETURN_TYPE = YES_ERROR;
				GCC_WARN_UNDECLARED_SELECTOR = YES;
				GCC_WARN_UNINITIALIZED_AUTOS = YES;
				GCC_WARN_UNUSED_FUNCTION = YES;
				GCC_WARN_UNUSED_VARIABLE = YES;
				IPHONEOS_DEPLOYMENT_TARGET = 7.0;
				ONLY_ACTIVE_ARCH = YES;
				SDKROOT = iphoneos;
				TARGETED_DEVICE_FAMILY = "1,2";
			};
			name = Debug;
		};
		1A8F269A17BB6B1900825F75 /* Release */ = {
			isa = XCBuildConfiguration;
			buildSettings = {
				ALWAYS_SEARCH_USER_PATHS = NO;
				CLANG_CXX_LANGUAGE_STANDARD = "gnu++0x";
				CLANG_CXX_LIBRARY = "libc++";
				CLANG_ENABLE_MODULES = YES;
				CLANG_ENABLE_OBJC_ARC = YES;
				CLANG_WARN_BOOL_CONVERSION = YES;
				CLANG_WARN_CONSTANT_CONVERSION = YES;
				CLANG_WARN_DIRECT_OBJC_ISA_USAGE = YES_ERROR;
				CLANG_WARN_EMPTY_BODY = YES;
				CLANG_WARN_ENUM_CONVERSION = YES;
				CLANG_WARN_INT_CONVERSION = YES;
				CLANG_WARN_OBJC_ROOT_CLASS = YES_ERROR;
				CLANG_WARN__DUPLICATE_METHOD_MATCH = YES;
				"CODE_SIGN_IDENTITY[sdk=iphoneos*]" = "iPhone Developer";
				COPY_PHASE_STRIP = YES;
				ENABLE_NS_ASSERTIONS = NO;
				GCC_C_LANGUAGE_STANDARD = gnu99;
				GCC_WARN_ABOUT_RETURN_TYPE = YES_ERROR;
				GCC_WARN_UNDECLARED_SELECTOR = YES;
				GCC_WARN_UNINITIALIZED_AUTOS = YES;
				GCC_WARN_UNUSED_FUNCTION = YES;
				GCC_WARN_UNUSED_VARIABLE = YES;
				IPHONEOS_DEPLOYMENT_TARGET = 7.0;
				SDKROOT = iphoneos;
				TARGETED_DEVICE_FAMILY = "1,2";
				VALIDATE_PRODUCT = YES;
			};
			name = Release;
		};
		1A8F269C17BB6B1900825F75 /* Debug */ = {
			isa = XCBuildConfiguration;
			buildSettings = {
				ASSETCATALOG_COMPILER_APPICON_NAME = AppIcon;
				ASSETCATALOG_COMPILER_LAUNCHIMAGE_NAME = LaunchImage;
				CODE_SIGN_IDENTITY = "iPhone Developer";
				GCC_PRECOMPILE_PREFIX_HEADER = YES;
				GCC_PREFIX_HEADER = "SDEManager/SDEManager-Prefix.pch";
				INFOPLIST_FILE = "SDEManager/SDEManager-Info.plist";
				PRODUCT_NAME = "$(TARGET_NAME)";
				WRAPPER_EXTENSION = app;
			};
			name = Debug;
		};
		1A8F269D17BB6B1900825F75 /* Release */ = {
			isa = XCBuildConfiguration;
			buildSettings = {
				ASSETCATALOG_COMPILER_APPICON_NAME = AppIcon;
				ASSETCATALOG_COMPILER_LAUNCHIMAGE_NAME = LaunchImage;
				CODE_SIGN_IDENTITY = "iPhone Developer";
				GCC_PRECOMPILE_PREFIX_HEADER = YES;
				GCC_PREFIX_HEADER = "SDEManager/SDEManager-Prefix.pch";
				INFOPLIST_FILE = "SDEManager/SDEManager-Info.plist";
				PRODUCT_NAME = "$(TARGET_NAME)";
				WRAPPER_EXTENSION = app;
			};
			name = Release;
		};
		1A8F269F17BB6B1900825F75 /* Debug */ = {
			isa = XCBuildConfiguration;
			buildSettings = {
				BUNDLE_LOADER = "$(BUILT_PRODUCTS_DIR)/SDEManager.app/SDEManager";
				FRAMEWORK_SEARCH_PATHS = (
					"$(SDKROOT)/Developer/Library/Frameworks",
					"$(inherited)",
					"$(DEVELOPER_FRAMEWORKS_DIR)",
				);
				GCC_PRECOMPILE_PREFIX_HEADER = YES;
				GCC_PREFIX_HEADER = "SDEManager/SDEManager-Prefix.pch";
				GCC_PREPROCESSOR_DEFINITIONS = (
					"DEBUG=1",
					"$(inherited)",
				);
				INFOPLIST_FILE = "SDEManagerTests/SDEManagerTests-Info.plist";
				PRODUCT_NAME = "$(TARGET_NAME)";
				TEST_HOST = "$(BUNDLE_LOADER)";
				WRAPPER_EXTENSION = xctest;
			};
			name = Debug;
		};
		1A8F26A017BB6B1900825F75 /* Release */ = {
			isa = XCBuildConfiguration;
			buildSettings = {
				BUNDLE_LOADER = "$(BUILT_PRODUCTS_DIR)/SDEManager.app/SDEManager";
				FRAMEWORK_SEARCH_PATHS = (
					"$(SDKROOT)/Developer/Library/Frameworks",
					"$(inherited)",
					"$(DEVELOPER_FRAMEWORKS_DIR)",
				);
				GCC_PRECOMPILE_PREFIX_HEADER = YES;
				GCC_PREFIX_HEADER = "SDEManager/SDEManager-Prefix.pch";
				INFOPLIST_FILE = "SDEManagerTests/SDEManagerTests-Info.plist";
				PRODUCT_NAME = "$(TARGET_NAME)";
				TEST_HOST = "$(BUNDLE_LOADER)";
				WRAPPER_EXTENSION = xctest;
			};
			name = Release;
		};
/* End XCBuildConfiguration section */

/* Begin XCConfigurationList section */
		1A8F266117BB6B1800825F75 /* Build configuration list for PBXProject "SDEManager" */ = {
			isa = XCConfigurationList;
			buildConfigurations = (
				1A8F269917BB6B1900825F75 /* Debug */,
				1A8F269A17BB6B1900825F75 /* Release */,
			);
			defaultConfigurationIsVisible = 0;
			defaultConfigurationName = Release;
		};
		1A8F269B17BB6B1900825F75 /* Build configuration list for PBXNativeTarget "SDEManager" */ = {
			isa = XCConfigurationList;
			buildConfigurations = (
				1A8F269C17BB6B1900825F75 /* Debug */,
				1A8F269D17BB6B1900825F75 /* Release */,
			);
			defaultConfigurationIsVisible = 0;
			defaultConfigurationName = Release;
		};
		1A8F269E17BB6B1900825F75 /* Build configuration list for PBXNativeTarget "SDEManagerTests" */ = {
			isa = XCConfigurationList;
			buildConfigurations = (
				1A8F269F17BB6B1900825F75 /* Debug */,
				1A8F26A017BB6B1900825F75 /* Release */,
			);
			defaultConfigurationIsVisible = 0;
			defaultConfigurationName = Release;
		};
/* End XCConfigurationList section */

/* Begin XCVersionGroup section */
		1ADB609A17BE46190089DC05 /* SDEManagerModel.xcdatamodeld */ = {
			isa = XCVersionGroup;
			children = (
				1ADB609B17BE46190089DC05 /* SDEManagerModel.xcdatamodel */,
			);
			currentVersion = 1ADB609B17BE46190089DC05 /* SDEManagerModel.xcdatamodel */;
			path = SDEManagerModel.xcdatamodeld;
			sourceTree = "<group>";
			versionGroupType = wrapper.xcdatamodel;
		};
/* End XCVersionGroup section */
	};
	rootObject = 1A8F265E17BB6B1800825F75 /* Project object */;
}
